
Microsoft Visual Studio Solution File, Format Version 12.00
# Visual Studio Version 17
VisualStudioVersion = 17.8.34511.84
MinimumVisualStudioVersion = 10.0.40219.1
Project("{9A19103F-16F7-4668-BE54-9A1E7A4F7556}") = "BorletteDTO", "BorletteDTO.csproj", "{C837239C-1EAC-4385-804C-A5D0764E4D65}"
EndProject
Project("{9A19103F-16F7-4668-BE54-9A1E7A4F7556}") = "BorletteRepository", "..\BorletteRepository\BorletteRepository.csproj", "{2024D377-A72B-49F5-9D4A-D81DF9B1BBF1}"
EndProject
Project("{E24C65DC-7377-472B-9ABA-BC803B73C61A}") = "BorletteDEmo", "http://localhost/BorletteDEmo", "{E66B03EB-F9F3-4E4A-B084-AC22602952C9}"
	ProjectSection(WebsiteProperties) = preProject
		UseIISExpress = "false"
		TargetFrameworkMoniker = ".NETFramework,Version%3Dv4.8"
		Debug.AspNetCompiler.VirtualPath = "/BorletteDEmo"
		Debug.AspNetCompiler.PhysicalPath = "..\BorletteWebForm\"
		Debug.AspNetCompiler.TargetPath = "PrecompiledWeb\BorletteDEmo\"
		Debug.AspNetCompiler.Updateable = "true"
		Debug.AspNetCompiler.ForceOverwrite = "true"
		Debug.AspNetCompiler.FixedNames = "false"
		Debug.AspNetCompiler.Debug = "True"
		Release.AspNetCompiler.VirtualPath = "/BorletteDEmo"
		Release.AspNetCompiler.PhysicalPath = "..\BorletteWebForm\"
		Release.AspNetCompiler.TargetPath = "PrecompiledWeb\BorletteDEmo\"
		Release.AspNetCompiler.Updateable = "true"
		Release.AspNetCompiler.ForceOverwrite = "true"
		Release.AspNetCompiler.FixedNames = "false"
		Release.AspNetCompiler.Debug = "False"
		SlnRelativePath = "..\BorletteWebForm\"
	EndProjectSection
EndProject
Project("{FAE04EC0-301F-11D3-BF4B-00C04F79EFBC}") = "BorletteDemoMVCCore", "..\BorletteDemoMVCCore\BorletteDemoMVCCore.csproj", "{87747FD2-F28E-4CB9-8A9A-76F2B42BFF71}"
EndProject
Global
	GlobalSection(SolutionConfigurationPlatforms) = preSolution
		Debug|Any CPU = Debug|Any CPU
		Release|Any CPU = Release|Any CPU
	EndGlobalSection
	GlobalSection(ProjectConfigurationPlatforms) = postSolution
		{C837239C-1EAC-4385-804C-A5D0764E4D65}.Debug|Any CPU.ActiveCfg = Debug|Any CPU
		{C837239C-1EAC-4385-804C-A5D0764E4D65}.Debug|Any CPU.Build.0 = Debug|Any CPU
		{C837239C-1EAC-4385-804C-A5D0764E4D65}.Release|Any CPU.ActiveCfg = Release|Any CPU
		{C837239C-1EAC-4385-804C-A5D0764E4D65}.Release|Any CPU.Build.0 = Release|Any CPU
		{2024D377-A72B-49F5-9D4A-D81DF9B1BBF1}.Debug|Any CPU.ActiveCfg = Debug|Any CPU
		{2024D377-A72B-49F5-9D4A-D81DF9B1BBF1}.Debug|Any CPU.Build.0 = Debug|Any CPU
		{2024D377-A72B-49F5-9D4A-D81DF9B1BBF1}.Release|Any CPU.ActiveCfg = Release|Any CPU
		{2024D377-A72B-49F5-9D4A-D81DF9B1BBF1}.Release|Any CPU.Build.0 = Release|Any CPU
		{E66B03EB-F9F3-4E4A-B084-AC22602952C9}.Debug|Any CPU.ActiveCfg = Debug|Any CPU
		{E66B03EB-F9F3-4E4A-B084-AC22602952C9}.Debug|Any CPU.Build.0 = Debug|Any CPU
		{E66B03EB-F9F3-4E4A-B084-AC22602952C9}.Release|Any CPU.ActiveCfg = Debug|Any CPU
		{E66B03EB-F9F3-4E4A-B084-AC22602952C9}.Release|Any CPU.Build.0 = Debug|Any CPU
		{87747FD2-F28E-4CB9-8A9A-76F2B42BFF71}.Debug|Any CPU.ActiveCfg = Debug|Any CPU
		{87747FD2-F28E-4CB9-8A9A-76F2B42BFF71}.Debug|Any CPU.Build.0 = Debug|Any CPU
		{87747FD2-F28E-4CB9-8A9A-76F2B42BFF71}.Release|Any CPU.ActiveCfg = Release|Any CPU
		{87747FD2-F28E-4CB9-8A9A-76F2B42BFF71}.Release|Any CPU.Build.0 = Release|Any CPU
	EndGlobalSection
	GlobalSection(SolutionProperties) = preSolution
		HideSolutionNode = FALSE
	EndGlobalSection
	GlobalSection(ExtensibilityGlobals) = postSolution
		SolutionGuid = {E327E1A8-EE25-4D11-86D2-0D2DB9A9BC2B}
	EndGlobalSection
EndGlobal
